lockfileVersion: '9.0'

settings:
  autoInstallPeers: true
  excludeLinksFromLockfile: false

importers:

  .:
    dependencies:
      dsh-pet-live2d:
        specifier: ^1.23.0
        version: 1.23.0

packages:

  dsh-pet-live2d@1.23.0:
    resolution: {integrity: sha512-3np8u1FAsmhlQgN/s7djmPo7IXMg6kCLIVSzwgBRpJw//ov1hxPuYsZqNw5bB2mDHfslzau/P+dNjBGlfq+paQ==}

snapshots:

  dsh-pet-live2d@1.23.0: {}
